{
  "pins" : [
    {
      "identity" : "paris",
      "kind" : "remoteSourceControl",
      "location" : "https://github.com/EricRabil/Paris",
      "state" : {
        "revision" : "b94c9a255f503084e1518ff2ed7966ce2dbf83ca"
      }
    },
    {
      "identity" : "wrappinghstack",
      "kind" : "remoteSourceControl",
      "location" : "https://github.com/dkk/WrappingHStack",
      "state" : {
        "revision" : "3cc84e786aa996da32f476d89dab4e02d30ce691",
        "version" : "2.1.3"
      }
    }
  ],
  "version" : 2
}
